// !$*UTF8*$!
{
	archiveVersion = 1;
	classes = {
	};
	objectVersion = 46;
	objects = {

/* Begin PBXBuildFile section */
		66309CEC1AC484E900FACEF9 /* MMEnginePiston.m in Sources */ = {isa = PBXBuildFile; fileRef = 66309CEB1AC484E900FACEF9 /* MMEnginePiston.m */; };
		66309CEF1AC484FC00FACEF9 /* MMEngineShaft.m in Sources */ = {isa = PBXBuildFile; fileRef = 66309CEE1AC484FC00FACEF9 /* MMEngineShaft.m */; };
		66309CF21AC48E9900FACEF9 /* MMBalloon.m in Sources */ = {isa = PBXBuildFile; fileRef = 66309CF11AC48E9900FACEF9 /* MMBalloon.m */; };
		66309CFA1AC4942700FACEF9 /* MMWheel.m in Sources */ = {isa = PBXBuildFile; fileRef = 66309CF91AC4942700FACEF9 /* MMWheel.m */; };
		66343C161ABF5BB500801962 /* main.m in Sources */ = {isa = PBXBuildFile; fileRef = 66343C151ABF5BB500801962 /* main.m */; };
		66343C191ABF5BB500801962 /* AppDelegate.m in Sources */ = {isa = PBXBuildFile; fileRef = 66343C181ABF5BB500801962 /* AppDelegate.m */; };
		66343C1C1ABF5BB500801962 /* MMPhysicsViewController.m in Sources */ = {isa = PBXBuildFile; fileRef = 66343C1B1ABF5BB500801962 /* MMPhysicsViewController.m */; };
		66343C211ABF5BB500801962 /* Images.xcassets in Resources */ = {isa = PBXBuildFile; fileRef = 66343C201ABF5BB500801962 /* Images.xcassets */; };
		66343C3D1ABF5D2900801962 /* MMPhysicsView.m in Sources */ = {isa = PBXBuildFile; fileRef = 66343C3C1ABF5D2900801962 /* MMPhysicsView.m */; };
		66343C451ABF5FE300801962 /* cat.jpg in Resources */ = {isa = PBXBuildFile; fileRef = 66343C401ABF5FE300801962 /* cat.jpg */; };
		66343C461ABF5FE300801962 /* image.js in Resources */ = {isa = PBXBuildFile; fileRef = 66343C411ABF5FE300801962 /* image.js */; };
		66343C471ABF5FE300801962 /* index.html in Resources */ = {isa = PBXBuildFile; fileRef = 66343C421ABF5FE300801962 /* index.html */; };
		66343C481ABF5FE300801962 /* main.js in Resources */ = {isa = PBXBuildFile; fileRef = 66343C431ABF5FE300801962 /* main.js */; };
		66343C491ABF5FE300801962 /* ragdoll.js in Resources */ = {isa = PBXBuildFile; fileRef = 66343C441ABF5FE300801962 /* ragdoll.js */; };
		66625FE51AC21E460025F441 /* MMPointPropsView.m in Sources */ = {isa = PBXBuildFile; fileRef = 66625FE41AC21E460025F441 /* MMPointPropsView.m */; };
		66625FE81AC220FE0025F441 /* MMPiston.m in Sources */ = {isa = PBXBuildFile; fileRef = 66625FE71AC220FE0025F441 /* MMPiston.m */; };
		66625FEB1AC3496D0025F441 /* MMEngine.m in Sources */ = {isa = PBXBuildFile; fileRef = 66625FEA1AC3496D0025F441 /* MMEngine.m */; };
		6667404C1ACC6DE700750D6E /* screw-0.png in Resources */ = {isa = PBXBuildFile; fileRef = 6667403A1ACC6DE600750D6E /* screw-0.png */; };
		6667404D1ACC6DE700750D6E /* screw-0@2x.png in Resources */ = {isa = PBXBuildFile; fileRef = 6667403B1ACC6DE600750D6E /* screw-0@2x.png */; };
		6667404E1ACC6DE700750D6E /* screw-1.png in Resources */ = {isa = PBXBuildFile; fileRef = 6667403C1ACC6DE600750D6E /* screw-1.png */; };
		6667404F1ACC6DE700750D6E /* screw-1@2x.png in Resources */ = {isa = PBXBuildFile; fileRef = 6667403D1ACC6DE600750D6E /* screw-1@2x.png */; };
		666740501ACC6DE700750D6E /* screw-2.png in Resources */ = {isa = PBXBuildFile; fileRef = 6667403E1ACC6DE600750D6E /* screw-2.png */; };
		666740511ACC6DE700750D6E /* screw-2@2x.png in Resources */ = {isa = PBXBuildFile; fileRef = 6667403F1ACC6DE600750D6E /* screw-2@2x.png */; };
		666740521ACC6DE700750D6E /* screw-3.png in Resources */ = {isa = PBXBuildFile; fileRef = 666740401ACC6DE600750D6E /* screw-3.png */; };
		666740531ACC6DE700750D6E /* screw-3@2x.png in Resources */ = {isa = PBXBuildFile; fileRef = 666740411ACC6DE600750D6E /* screw-3@2x.png */; };
		666740541ACC6DE700750D6E /* screw-4.png in Resources */ = {isa = PBXBuildFile; fileRef = 666740421ACC6DE600750D6E /* screw-4.png */; };
		666740551ACC6DE700750D6E /* screw-4@2x.png in Resources */ = {isa = PBXBuildFile; fileRef = 666740431ACC6DE600750D6E /* screw-4@2x.png */; };
		666740561ACC6DE700750D6E /* screw-5.png in Resources */ = {isa = PBXBuildFile; fileRef = 666740441ACC6DE700750D6E /* screw-5.png */; };
		666740571ACC6DE700750D6E /* screw-5@2x.png in Resources */ = {isa = PBXBuildFile; fileRef = 666740451ACC6DE700750D6E /* screw-5@2x.png */; };
		666740581ACC6DE700750D6E /* screw-6.png in Resources */ = {isa = PBXBuildFile; fileRef = 666740461ACC6DE700750D6E /* screw-6.png */; };
		666740591ACC6DE700750D6E /* screw-6@2x.png in Resources */ = {isa = PBXBuildFile; fileRef = 666740471ACC6DE700750D6E /* screw-6@2x.png */; };
		6667405A1ACC6DE700750D6E /* screw-7.png in Resources */ = {isa = PBXBuildFile; fileRef = 666740481ACC6DE700750D6E /* screw-7.png */; };
		6667405B1ACC6DE700750D6E /* screw-7@2x.png in Resources */ = {isa = PBXBuildFile; fileRef = 666740491ACC6DE700750D6E /* screw-7@2x.png */; };
		6667405C1ACC6DE700750D6E /* screw-8.png in Resources */ = {isa = PBXBuildFile; fileRef = 6667404A1ACC6DE700750D6E /* screw-8.png */; };
		6667405D1ACC6DE700750D6E /* screw-8@2x.png in Resources */ = {isa = PBXBuildFile; fileRef = 6667404B1ACC6DE700750D6E /* screw-8@2x.png */; };
		6667407D1ACC716200750D6E /* board-0.png in Resources */ = {isa = PBXBuildFile; fileRef = 666740731ACC716100750D6E /* board-0.png */; };
		6667407E1ACC716200750D6E /* board-0@2x.png in Resources */ = {isa = PBXBuildFile; fileRef = 666740741ACC716100750D6E /* board-0@2x.png */; };
		6667407F1ACC716200750D6E /* board-1.png in Resources */ = {isa = PBXBuildFile; fileRef = 666740751ACC716100750D6E /* board-1.png */; };
		666740801ACC716200750D6E /* board-1@2x.png in Resources */ = {isa = PBXBuildFile; fileRef = 666740761ACC716200750D6E /* board-1@2x.png */; };
		666740811ACC716200750D6E /* board-2.png in Resources */ = {isa = PBXBuildFile; fileRef = 666740771ACC716200750D6E /* board-2.png */; };
		666740821ACC716200750D6E /* board-2@2x.png in Resources */ = {isa = PBXBuildFile; fileRef = 666740781ACC716200750D6E /* board-2@2x.png */; };
		666740831ACC716200750D6E /* board-3.png in Resources */ = {isa = PBXBuildFile; fileRef = 666740791ACC716200750D6E /* board-3.png */; };
		666740841ACC716200750D6E /* board-3@2x.png in Resources */ = {isa = PBXBuildFile; fileRef = 6667407A1ACC716200750D6E /* board-3@2x.png */; };
		666740851ACC716200750D6E /* board-4.png in Resources */ = {isa = PBXBuildFile; fileRef = 6667407B1ACC716200750D6E /* board-4.png */; };
		666740861ACC716200750D6E /* board-4@2x.png in Resources */ = {isa = PBXBuildFile; fileRef = 6667407C1ACC716200750D6E /* board-4@2x.png */; };
		6667408A1ACC72F500750D6E /* wheel.png in Resources */ = {isa = PBXBuildFile; fileRef = 666740881ACC72F500750D6E /* wheel.png */; };
		6667408B1ACC72F500750D6E /* wheel@2x.png in Resources */ = {isa = PBXBuildFile; fileRef = 666740891ACC72F500750D6E /* wheel@2x.png */; };
		6667408F1ACC747400750D6E /* balloon-texture.png in Resources */ = {isa = PBXBuildFile; fileRef = 6667408D1ACC747400750D6E /* balloon-texture.png */; };
		666740901ACC747400750D6E /* balloon-texture@2x.png in Resources */ = {isa = PBXBuildFile; fileRef = 6667408E1ACC747400750D6E /* balloon-texture@2x.png */; };
		66677C5F1ACBA6D6003A6723 /* SidebarBackground.m in Sources */ = {isa = PBXBuildFile; fileRef = 66677C5E1ACBA6D6003A6723 /* SidebarBackground.m */; };
		66677C611ACBA971003A6723 /* trash.png in Resources */ = {isa = PBXBuildFile; fileRef = 66677C601ACBA971003A6723 /* trash.png */; };
		66677C631ACBAA9F003A6723 /* pause.png in Resources */ = {isa = PBXBuildFile; fileRef = 66677C621ACBAA9F003A6723 /* pause.png */; };
		66677C651ACBAAA3003A6723 /* play.png in Resources */ = {isa = PBXBuildFile; fileRef = 66677C641ACBAAA3003A6723 /* play.png */; };
		666E0A661AC0924D0018289C /* MMPoint.m in Sources */ = {isa = PBXBuildFile; fileRef = 666E0A651AC0924D0018289C /* MMPoint.m */; };
		666E0A691AC093A10018289C /* MMStick.m in Sources */ = {isa = PBXBuildFile; fileRef = 666E0A681AC093A10018289C /* MMStick.m */; };
		6695851F1ACC7BFC002C359C /* MMStickPropsView.m in Sources */ = {isa = PBXBuildFile; fileRef = 6695851E1ACC7BFC002C359C /* MMStickPropsView.m */; };
		669585221ACC7FA5002C359C /* spring-component.png in Resources */ = {isa = PBXBuildFile; fileRef = 669585211ACC7FA5002C359C /* spring-component.png */; };
		669585241ACC80F9002C359C /* spring-component-top.png in Resources */ = {isa = PBXBuildFile; fileRef = 669585231ACC80F9002C359C /* spring-component-top.png */; };
		66A08F071AC9E72300C670E5 /* piston-head.png in Resources */ = {isa = PBXBuildFile; fileRef = 66A08F061AC9E72300C670E5 /* piston-head.png */; };
		66A08F091AC9E72800C670E5 /* piston-base.png in Resources */ = {isa = PBXBuildFile; fileRef = 66A08F081AC9E72800C670E5 /* piston-base.png */; };
		66A08F0B1AC9E9DD00C670E5 /* engine-end.png in Resources */ = {isa = PBXBuildFile; fileRef = 66A08F0A1AC9E9DD00C670E5 /* engine-end.png */; };
		66A08F0D1AC9E9E100C670E5 /* engine-back.png in Resources */ = {isa = PBXBuildFile; fileRef = 66A08F0C1AC9E9E100C670E5 /* engine-back.png */; };
		66A490011AC5E91500CC21BA /* InstantPanGestureRecognizer.m in Sources */ = {isa = PBXBuildFile; fileRef = 66A490001AC5E91500CC21BA /* InstantPanGestureRecognizer.m */; };
		66A490041AC5EAE500CC21BA /* MMSpring.m in Sources */ = {isa = PBXBuildFile; fileRef = 66A490031AC5EAE500CC21BA /* MMSpring.m */; };
/* End PBXBuildFile section */

/* Begin PBXFileReference section */
		66309CEA1AC484E900FACEF9 /* MMEnginePiston.h */ = {isa = PBXFileReference; fileEncoding = 4; lastKnownFileType = sourcecode.c.h; path = MMEnginePiston.h; sourceTree = "<group>"; };
		66309CEB1AC484E900FACEF9 /* MMEnginePiston.m */ = {isa = PBXFileReference; fileEncoding = 4; lastKnownFileType = sourcecode.c.objc; path = MMEnginePiston.m; sourceTree = "<group>"; };
		66309CED1AC484FC00FACEF9 /* MMEngineShaft.h */ = {isa = PBXFileReference; fileEncoding = 4; lastKnownFileType = sourcecode.c.h; path = MMEngineShaft.h; sourceTree = "<group>"; };
		66309CEE1AC484FC00FACEF9 /* MMEngineShaft.m */ = {isa = PBXFileReference; fileEncoding = 4; lastKnownFileType = sourcecode.c.objc; path = MMEngineShaft.m; sourceTree = "<group>"; };
		66309CF01AC48E9900FACEF9 /* MMBalloon.h */ = {isa = PBXFileReference; fileEncoding = 4; lastKnownFileType = sourcecode.c.h; path = MMBalloon.h; sourceTree = "<group>"; };
		66309CF11AC48E9900FACEF9 /* MMBalloon.m */ = {isa = PBXFileReference; fileEncoding = 4; lastKnownFileType = sourcecode.c.objc; path = MMBalloon.m; sourceTree = "<group>"; };
		66309CF81AC4942700FACEF9 /* MMWheel.h */ = {isa = PBXFileReference; fileEncoding = 4; lastKnownFileType = sourcecode.c.h; path = MMWheel.h; sourceTree = "<group>"; };
		66309CF91AC4942700FACEF9 /* MMWheel.m */ = {isa = PBXFileReference; fileEncoding = 4; lastKnownFileType = sourcecode.c.objc; path = MMWheel.m; sourceTree = "<group>"; };
		66343C101ABF5BB500801962 /* spareparts.app */ = {isa = PBXFileReference; explicitFileType = wrapper.application; includeInIndex = 0; path = spareparts.app; sourceTree = BUILT_PRODUCTS_DIR; };
		66343C141ABF5BB500801962 /* Info.plist */ = {isa = PBXFileReference; lastKnownFileType = text.plist.xml; path = Info.plist; sourceTree = "<group>"; };
		66343C151ABF5BB500801962 /* main.m */ = {isa = PBXFileReference; lastKnownFileType = sourcecode.c.objc; path = main.m; sourceTree = "<group>"; };
		66343C171ABF5BB500801962 /* AppDelegate.h */ = {isa = PBXFileReference; lastKnownFileType = sourcecode.c.h; path = AppDelegate.h; sourceTree = "<group>"; };
		66343C181ABF5BB500801962 /* AppDelegate.m */ = {isa = PBXFileReference; lastKnownFileType = sourcecode.c.objc; path = AppDelegate.m; sourceTree = "<group>"; };
		66343C1A1ABF5BB500801962 /* MMPhysicsViewController.h */ = {isa = PBXFileReference; lastKnownFileType = sourcecode.c.h; path = MMPhysicsViewController.h; sourceTree = "<group>"; };
		66343C1B1ABF5BB500801962 /* MMPhysicsViewController.m */ = {isa = PBXFileReference; lastKnownFileType = sourcecode.c.objc; path = MMPhysicsViewController.m; sourceTree = "<group>"; };
		66343C201ABF5BB500801962 /* Images.xcassets */ = {isa = PBXFileReference; lastKnownFileType = folder.assetcatalog; path = Images.xcassets; sourceTree = "<group>"; };
		66343C3B1ABF5D2900801962 /* MMPhysicsView.h */ = {isa = PBXFileReference; fileEncoding = 4; lastKnownFileType = sourcecode.c.h; path = MMPhysicsView.h; sourceTree = "<group>"; };
		66343C3C1ABF5D2900801962 /* MMPhysicsView.m */ = {isa = PBXFileReference; fileEncoding = 4; lastKnownFileType = sourcecode.c.objc; path = MMPhysicsView.m; sourceTree = "<group>"; };
		66343C401ABF5FE300801962 /* cat.jpg */ = {isa = PBXFileReference; lastKnownFileType = image.jpeg; name = cat.jpg; path = codingmath/episode38/cat.jpg; sourceTree = SOURCE_ROOT; };
		66343C411ABF5FE300801962 /* image.js */ = {isa = PBXFileReference; fileEncoding = 4; lastKnownFileType = sourcecode.javascript; name = image.js; path = codingmath/episode38/image.js; sourceTree = SOURCE_ROOT; };
		66343C421ABF5FE300801962 /* index.html */ = {isa = PBXFileReference; fileEncoding = 4; lastKnownFileType = text.html; name = index.html; path = codingmath/episode38/index.html; sourceTree = SOURCE_ROOT; };
		66343C431ABF5FE300801962 /* main.js */ = {isa = PBXFileReference; fileEncoding = 4; lastKnownFileType = sourcecode.javascript; name = main.js; path = codingmath/episode38/main.js; sourceTree = SOURCE_ROOT; };
		66343C441ABF5FE300801962 /* ragdoll.js */ = {isa = PBXFileReference; fileEncoding = 4; lastKnownFileType = sourcecode.javascript; name = ragdoll.js; path = codingmath/episode38/ragdoll.js; sourceTree = SOURCE_ROOT; };
		66625FE31AC21E460025F441 /* MMPointPropsView.h */ = {isa = PBXFileReference; fileEncoding = 4; lastKnownFileType = sourcecode.c.h; path = MMPointPropsView.h; sourceTree = "<group>"; };
		66625FE41AC21E460025F441 /* MMPointPropsView.m */ = {isa = PBXFileReference; fileEncoding = 4; lastKnownFileType = sourcecode.c.objc; path = MMPointPropsView.m; sourceTree = "<group>"; };
		66625FE61AC220FE0025F441 /* MMPiston.h */ = {isa = PBXFileReference; fileEncoding = 4; lastKnownFileType = sourcecode.c.h; path = MMPiston.h; sourceTree = "<group>"; };
		66625FE71AC220FE0025F441 /* MMPiston.m */ = {isa = PBXFileReference; fileEncoding = 4; lastKnownFileType = sourcecode.c.objc; path = MMPiston.m; sourceTree = "<group>"; };
		66625FE91AC3496D0025F441 /* MMEngine.h */ = {isa = PBXFileReference; fileEncoding = 4; lastKnownFileType = sourcecode.c.h; path = MMEngine.h; sourceTree = "<group>"; };
		66625FEA1AC3496D0025F441 /* MMEngine.m */ = {isa = PBXFileReference; fileEncoding = 4; lastKnownFileType = sourcecode.c.objc; path = MMEngine.m; sourceTree = "<group>"; };
		6667403A1ACC6DE600750D6E /* screw-0.png */ = {isa = PBXFileReference; lastKnownFileType = image.png; path = "screw-0.png"; sourceTree = "<group>"; };
		6667403B1ACC6DE600750D6E /* screw-0@2x.png */ = {isa = PBXFileReference; lastKnownFileType = image.png; path = "screw-0@2x.png"; sourceTree = "<group>"; };
		6667403C1ACC6DE600750D6E /* screw-1.png */ = {isa = PBXFileReference; lastKnownFileType = image.png; path = "screw-1.png"; sourceTree = "<group>"; };
		6667403D1ACC6DE600750D6E /* screw-1@2x.png */ = {isa = PBXFileReference; lastKnownFileType = image.png; path = "screw-1@2x.png"; sourceTree = "<group>"; };
		6667403E1ACC6DE600750D6E /* screw-2.png */ = {isa = PBXFileReference; lastKnownFileType = image.png; path = "screw-2.png"; sourceTree = "<group>"; };
		6667403F1ACC6DE600750D6E /* screw-2@2x.png */ = {isa = PBXFileReference; lastKnownFileType = image.png; path = "screw-2@2x.png"; sourceTree = "<group>"; };
		666740401ACC6DE600750D6E /* screw-3.png */ = {isa = PBXFileReference; lastKnownFileType = image.png; path = "screw-3.png"; sourceTree = "<group>"; };
		666740411ACC6DE600750D6E /* screw-3@2x.png */ = {isa = PBXFileReference; lastKnownFileType = image.png; path = "screw-3@2x.png"; sourceTree = "<group>"; };
		666740421ACC6DE600750D6E /* screw-4.png */ = {isa = PBXFileReference; lastKnownFileType = image.png; path = "screw-4.png"; sourceTree = "<group>"; };
		666740431ACC6DE600750D6E /* screw-4@2x.png */ = {isa = PBXFileReference; lastKnownFileType = image.png; path = "screw-4@2x.png"; sourceTree = "<group>"; };
		666740441ACC6DE700750D6E /* screw-5.png */ = {isa = PBXFileReference; lastKnownFileType = image.png; path = "screw-5.png"; sourceTree = "<group>"; };
		666740451ACC6DE700750D6E /* screw-5@2x.png */ = {isa = PBXFileReference; lastKnownFileType = image.png; path = "screw-5@2x.png"; sourceTree = "<group>"; };
		666740461ACC6DE700750D6E /* screw-6.png */ = {isa = PBXFileReference; lastKnownFileType = image.png; path = "screw-6.png"; sourceTree = "<group>"; };
		666740471ACC6DE700750D6E /* screw-6@2x.png */ = {isa = PBXFileReference; lastKnownFileType = image.png; path = "screw-6@2x.png"; sourceTree = "<group>"; };
		666740481ACC6DE700750D6E /* screw-7.png */ = {isa = PBXFileReference; lastKnownFileType = image.png; path = "screw-7.png"; sourceTree = "<group>"; };
		666740491ACC6DE700750D6E /* screw-7@2x.png */ = {isa = PBXFileReference; lastKnownFileType = image.png; path = "screw-7@2x.png"; sourceTree = "<group>"; };
		6667404A1ACC6DE700750D6E /* screw-8.png */ = {isa = PBXFileReference; lastKnownFileType = image.png; path = "screw-8.png"; sourceTree = "<group>"; };
		6667404B1ACC6DE700750D6E /* screw-8@2x.png */ = {isa = PBXFileReference; lastKnownFileType = image.png; path = "screw-8@2x.png"; sourceTree = "<group>"; };
		666740731ACC716100750D6E /* board-0.png */ = {isa = PBXFileReference; lastKnownFileType = image.png; path = "board-0.png"; sourceTree = "<group>"; };
		666740741ACC716100750D6E /* board-0@2x.png */ = {isa = PBXFileReference; lastKnownFileType = image.png; path = "board-0@2x.png"; sourceTree = "<group>"; };
		666740751ACC716100750D6E /* board-1.png */ = {isa = PBXFileReference; lastKnownFileType = image.png; path = "board-1.png"; sourceTree = "<group>"; };
		666740761ACC716200750D6E /* board-1@2x.png */ = {isa = PBXFileReference; lastKnownFileType = image.png; path = "board-1@2x.png"; sourceTree = "<group>"; };
		666740771ACC716200750D6E /* board-2.png */ = {isa = PBXFileReference; lastKnownFileType = image.png; path = "board-2.png"; sourceTree = "<group>"; };
		666740781ACC716200750D6E /* board-2@2x.png */ = {isa = PBXFileReference; lastKnownFileType = image.png; path = "board-2@2x.png"; sourceTree = "<group>"; };
		666740791ACC716200750D6E /* board-3.png */ = {isa = PBXFileReference; lastKnownFileType = image.png; path = "board-3.png"; sourceTree = "<group>"; };
		6667407A1ACC716200750D6E /* board-3@2x.png */ = {isa = PBXFileReference; lastKnownFileType = image.png; path = "board-3@2x.png"; sourceTree = "<group>"; };
		6667407B1ACC716200750D6E /* board-4.png */ = {isa = PBXFileReference; lastKnownFileType = image.png; path = "board-4.png"; sourceTree = "<group>"; };
		6667407C1ACC716200750D6E /* board-4@2x.png */ = {isa = PBXFileReference; lastKnownFileType = image.png; path = "board-4@2x.png"; sourceTree = "<group>"; };
		666740881ACC72F500750D6E /* wheel.png */ = {isa = PBXFileReference; lastKnownFileType = image.png; path = wheel.png; sourceTree = "<group>"; };
		666740891ACC72F500750D6E /* wheel@2x.png */ = {isa = PBXFileReference; lastKnownFileType = image.png; path = "wheel@2x.png"; sourceTree = "<group>"; };
		6667408D1ACC747400750D6E /* balloon-texture.png */ = {isa = PBXFileReference; lastKnownFileType = image.png; path = "balloon-texture.png"; sourceTree = "<group>"; };
		6667408E1ACC747400750D6E /* balloon-texture@2x.png */ = {isa = PBXFileReference; lastKnownFileType = image.png; path = "balloon-texture@2x.png"; sourceTree = "<group>"; };
		66677C5D1ACBA6D6003A6723 /* SidebarBackground.h */ = {isa = PBXFileReference; fileEncoding = 4; lastKnownFileType = sourcecode.c.h; path = SidebarBackground.h; sourceTree = "<group>"; };
		66677C5E1ACBA6D6003A6723 /* SidebarBackground.m */ = {isa = PBXFileReference; fileEncoding = 4; lastKnownFileType = sourcecode.c.objc; path = SidebarBackground.m; sourceTree = "<group>"; };
		66677C601ACBA971003A6723 /* trash.png */ = {isa = PBXFileReference; lastKnownFileType = image.png; path = trash.png; sourceTree = "<group>"; };
		66677C621ACBAA9F003A6723 /* pause.png */ = {isa = PBXFileReference; lastKnownFileType = image.png; path = pause.png; sourceTree = "<group>"; };
		66677C641ACBAAA3003A6723 /* play.png */ = {isa = PBXFileReference; lastKnownFileType = image.png; path = play.png; sourceTree = "<group>"; };
		666E0A641AC0924C0018289C /* MMPoint.h */ = {isa = PBXFileReference; fileEncoding = 4; lastKnownFileType = sourcecode.c.h; path = MMPoint.h; sourceTree = "<group>"; };
		666E0A651AC0924D0018289C /* MMPoint.m */ = {isa = PBXFileReference; fileEncoding = 4; lastKnownFileType = sourcecode.c.objc; path = MMPoint.m; sourceTree = "<group>"; };
		666E0A671AC093A10018289C /* MMStick.h */ = {isa = PBXFileReference; fileEncoding = 4; lastKnownFileType = sourcecode.c.h; path = MMStick.h; sourceTree = "<group>"; };
		666E0A681AC093A10018289C /* MMStick.m */ = {isa = PBXFileReference; fileEncoding = 4; lastKnownFileType = sourcecode.c.objc; path = MMStick.m; sourceTree = "<group>"; };
		6695851D1ACC7BFC002C359C /* MMStickPropsView.h */ = {isa = PBXFileReference; fileEncoding = 4; lastKnownFileType = sourcecode.c.h; path = MMStickPropsView.h; sourceTree = "<group>"; };
		6695851E1ACC7BFC002C359C /* MMStickPropsView.m */ = {isa = PBXFileReference; fileEncoding = 4; lastKnownFileType = sourcecode.c.objc; path = MMStickPropsView.m; sourceTree = "<group>"; };
		669585211ACC7FA5002C359C /* spring-component.png */ = {isa = PBXFileReference; lastKnownFileType = image.png; path = "spring-component.png"; sourceTree = "<group>"; };
		669585231ACC80F9002C359C /* spring-component-top.png */ = {isa = PBXFileReference; lastKnownFileType = image.png; path = "spring-component-top.png"; sourceTree = "<group>"; };
		66A08F031AC9DF9200C670E5 /* Constants.h */ = {isa = PBXFileReference; lastKnownFileType = sourcecode.c.h; path = Constants.h; sourceTree = "<group>"; };
		66A08F061AC9E72300C670E5 /* piston-head.png */ = {isa = PBXFileReference; lastKnownFileType = image.png; path = "piston-head.png"; sourceTree = "<group>"; };
		66A08F081AC9E72800C670E5 /* piston-base.png */ = {isa = PBXFileReference; lastKnownFileType = image.png; path = "piston-base.png"; sourceTree = "<group>"; };
		66A08F0A1AC9E9DD00C670E5 /* engine-end.png */ = {isa = PBXFileReference; lastKnownFileType = image.png; path = "engine-end.png"; sourceTree = "<group>"; };
		66A08F0C1AC9E9E100C670E5 /* engine-back.png */ = {isa = PBXFileReference; lastKnownFileType = image.png; path = "engine-back.png"; sourceTree = "<group>"; };
		66A48FFF1AC5E91500CC21BA /* InstantPanGestureRecognizer.h */ = {isa = PBXFileReference; fileEncoding = 4; lastKnownFileType = sourcecode.c.h; path = InstantPanGestureRecognizer.h; sourceTree = "<group>"; };
		66A490001AC5E91500CC21BA /* InstantPanGestureRecognizer.m */ = {isa = PBXFileReference; fileEncoding = 4; lastKnownFileType = sourcecode.c.objc; path = InstantPanGestureRecognizer.m; sourceTree = "<group>"; };
		66A490021AC5EAE500CC21BA /* MMSpring.h */ = {isa = PBXFileReference; fileEncoding = 4; lastKnownFileType = sourcecode.c.h; path = MMSpring.h; sourceTree = "<group>"; };
		66A490031AC5EAE500CC21BA /* MMSpring.m */ = {isa = PBXFileReference; fileEncoding = 4; lastKnownFileType = sourcecode.c.objc; path = MMSpring.m; sourceTree = "<group>"; };
/* End PBXFileReference section */

/* Begin PBXFrameworksBuildPhase section */
		66343C0D1ABF5BB500801962 /* Frameworks */ = {
			isa = PBXFrameworksBuildPhase;
			buildActionMask = 2147483647;
			files = (
			);
			runOnlyForDeploymentPostprocessing = 0;
		};
/* End PBXFrameworksBuildPhase section */

/* Begin PBXGroup section */
		66309CE91AC484BC00FACEF9 /* Engine */ = {
			isa = PBXGroup;
			children = (
				66625FE91AC3496D0025F441 /* MMEngine.h */,
				66625FEA1AC3496D0025F441 /* MMEngine.m */,
				66309CEA1AC484E900FACEF9 /* MMEnginePiston.h */,
				66309CEB1AC484E900FACEF9 /* MMEnginePiston.m */,
				66309CED1AC484FC00FACEF9 /* MMEngineShaft.h */,
				66309CEE1AC484FC00FACEF9 /* MMEngineShaft.m */,
			);
			name = Engine;
			sourceTree = "<group>";
		};
		66309CF31AC48EA000FACEF9 /* Points Obs */ = {
			isa = PBXGroup;
			children = (
				666E0A641AC0924C0018289C /* MMPoint.h */,
				666E0A651AC0924D0018289C /* MMPoint.m */,
				66309CF01AC48E9900FACEF9 /* MMBalloon.h */,
				66309CF11AC48E9900FACEF9 /* MMBalloon.m */,
			);
			name = "Points Obs";
			sourceTree = "<group>";
		};
		66309CF41AC48EA700FACEF9 /* Stick Objs */ = {
			isa = PBXGroup;
			children = (
				666E0A671AC093A10018289C /* MMStick.h */,
				666E0A681AC093A10018289C /* MMStick.m */,
				66A490021AC5EAE500CC21BA /* MMSpring.h */,
				66A490031AC5EAE500CC21BA /* MMSpring.m */,
				66625FE61AC220FE0025F441 /* MMPiston.h */,
				66625FE71AC220FE0025F441 /* MMPiston.m */,
				66309CE91AC484BC00FACEF9 /* Engine */,
				66309CFB1AC4942C00FACEF9 /* Wheel */,
			);
			name = "Stick Objs";
			sourceTree = "<group>";
		};
		66309CFB1AC4942C00FACEF9 /* Wheel */ = {
			isa = PBXGroup;
			children = (
				66309CF81AC4942700FACEF9 /* MMWheel.h */,
				66309CF91AC4942700FACEF9 /* MMWheel.m */,
			);
			name = Wheel;
			sourceTree = "<group>";
		};
		66343C071ABF5BB500801962 = {
			isa = PBXGroup;
			children = (
				66343C121ABF5BB500801962 /* physics-2D-Verlet */,
				66343C111ABF5BB500801962 /* Products */,
			);
			sourceTree = "<group>";
		};
		66343C111ABF5BB500801962 /* Products */ = {
			isa = PBXGroup;
			children = (
				66343C101ABF5BB500801962 /* spareparts.app */,
			);
			name = Products;
			sourceTree = "<group>";
		};
		66343C121ABF5BB500801962 /* physics-2D-Verlet */ = {
			isa = PBXGroup;
			children = (
				66A08F031AC9DF9200C670E5 /* Constants.h */,
				66A08EF81AC9D85E00C670E5 /* images */,
				66A48FFE1AC5E90400CC21BA /* Gesture */,
				66343C3A1ABF5D1300801962 /* PhysicsView */,
				66343C391ABF5D0700801962 /* App Delegate */,
				66343C131ABF5BB500801962 /* Supporting Files */,
				66343C4A1ABF5FE500801962 /* Reference from CodingMath */,
			);
			path = "physics-2D-Verlet";
			sourceTree = "<group>";
		};
		66343C131ABF5BB500801962 /* Supporting Files */ = {
			isa = PBXGroup;
			children = (
				66343C201ABF5BB500801962 /* Images.xcassets */,
				66343C141ABF5BB500801962 /* Info.plist */,
				66343C151ABF5BB500801962 /* main.m */,
			);
			name = "Supporting Files";
			sourceTree = "<group>";
		};
		66343C391ABF5D0700801962 /* App Delegate */ = {
			isa = PBXGroup;
			children = (
				66343C171ABF5BB500801962 /* AppDelegate.h */,
				66343C181ABF5BB500801962 /* AppDelegate.m */,
				66343C1A1ABF5BB500801962 /* MMPhysicsViewController.h */,
				66343C1B1ABF5BB500801962 /* MMPhysicsViewController.m */,
				66677C5D1ACBA6D6003A6723 /* SidebarBackground.h */,
				66677C5E1ACBA6D6003A6723 /* SidebarBackground.m */,
			);
			name = "App Delegate";
			sourceTree = "<group>";
		};
		66343C3A1ABF5D1300801962 /* PhysicsView */ = {
			isa = PBXGroup;
			children = (
				66343C3B1ABF5D2900801962 /* MMPhysicsView.h */,
				66343C3C1ABF5D2900801962 /* MMPhysicsView.m */,
				66625FE31AC21E460025F441 /* MMPointPropsView.h */,
				66625FE41AC21E460025F441 /* MMPointPropsView.m */,
				6695851D1ACC7BFC002C359C /* MMStickPropsView.h */,
				6695851E1ACC7BFC002C359C /* MMStickPropsView.m */,
				66309CF31AC48EA000FACEF9 /* Points Obs */,
				66309CF41AC48EA700FACEF9 /* Stick Objs */,
			);
			name = PhysicsView;
			sourceTree = "<group>";
		};
		66343C4A1ABF5FE500801962 /* Reference from CodingMath */ = {
			isa = PBXGroup;
			children = (
				66343C401ABF5FE300801962 /* cat.jpg */,
				66343C411ABF5FE300801962 /* image.js */,
				66343C421ABF5FE300801962 /* index.html */,
				66343C431ABF5FE300801962 /* main.js */,
				66343C441ABF5FE300801962 /* ragdoll.js */,
			);
			name = "Reference from CodingMath";
			sourceTree = "<group>";
		};
		666740151ACC6C8000750D6E /* screws */ = {
			isa = PBXGroup;
			children = (
				6667403A1ACC6DE600750D6E /* screw-0.png */,
				6667403B1ACC6DE600750D6E /* screw-0@2x.png */,
				6667403C1ACC6DE600750D6E /* screw-1.png */,
				6667403D1ACC6DE600750D6E /* screw-1@2x.png */,
				6667403E1ACC6DE600750D6E /* screw-2.png */,
				6667403F1ACC6DE600750D6E /* screw-2@2x.png */,
				666740401ACC6DE600750D6E /* screw-3.png */,
				666740411ACC6DE600750D6E /* screw-3@2x.png */,
				666740421ACC6DE600750D6E /* screw-4.png */,
				666740431ACC6DE600750D6E /* screw-4@2x.png */,
				666740441ACC6DE700750D6E /* screw-5.png */,
				666740451ACC6DE700750D6E /* screw-5@2x.png */,
				666740461ACC6DE700750D6E /* screw-6.png */,
				666740471ACC6DE700750D6E /* screw-6@2x.png */,
				666740481ACC6DE700750D6E /* screw-7.png */,
				666740491ACC6DE700750D6E /* screw-7@2x.png */,
				6667404A1ACC6DE700750D6E /* screw-8.png */,
				6667404B1ACC6DE700750D6E /* screw-8@2x.png */,
			);
			name = screws;
			sourceTree = "<group>";
		};
		6667405E1ACC6E2200750D6E /* boards */ = {
			isa = PBXGroup;
			children = (
				666740731ACC716100750D6E /* board-0.png */,
				666740741ACC716100750D6E /* board-0@2x.png */,
				666740751ACC716100750D6E /* board-1.png */,
				666740761ACC716200750D6E /* board-1@2x.png */,
				666740771ACC716200750D6E /* board-2.png */,
				666740781ACC716200750D6E /* board-2@2x.png */,
				666740791ACC716200750D6E /* board-3.png */,
				6667407A1ACC716200750D6E /* board-3@2x.png */,
				6667407B1ACC716200750D6E /* board-4.png */,
				6667407C1ACC716200750D6E /* board-4@2x.png */,
			);
			name = boards;
			sourceTree = "<group>";
		};
		666740871ACC72E200750D6E /* wheel */ = {
			isa = PBXGroup;
			children = (
				666740881ACC72F500750D6E /* wheel.png */,
				666740891ACC72F500750D6E /* wheel@2x.png */,
			);
			name = wheel;
			sourceTree = "<group>";
		};
		6667408C1ACC734400750D6E /* balloon */ = {
			isa = PBXGroup;
			children = (
				6667408D1ACC747400750D6E /* balloon-texture.png */,
				6667408E1ACC747400750D6E /* balloon-texture@2x.png */,
			);
			name = balloon;
			sourceTree = "<group>";
		};
		669585201ACC7F57002C359C /* spring */ = {
			isa = PBXGroup;
			children = (
				669585211ACC7FA5002C359C /* spring-component.png */,
				669585231ACC80F9002C359C /* spring-component-top.png */,
			);
			name = spring;
			sourceTree = "<group>";
		};
		66A08EF81AC9D85E00C670E5 /* images */ = {
			isa = PBXGroup;
			children = (
				669585201ACC7F57002C359C /* spring */,
				6667408C1ACC734400750D6E /* balloon */,
				666740871ACC72E200750D6E /* wheel */,
				6667405E1ACC6E2200750D6E /* boards */,
				666740151ACC6C8000750D6E /* screws */,
				66677C601ACBA971003A6723 /* trash.png */,
				66677C641ACBAAA3003A6723 /* play.png */,
				66677C621ACBAA9F003A6723 /* pause.png */,
				66A08F061AC9E72300C670E5 /* piston-head.png */,
				66A08F0A1AC9E9DD00C670E5 /* engine-end.png */,
				66A08F0C1AC9E9E100C670E5 /* engine-back.png */,
				66A08F081AC9E72800C670E5 /* piston-base.png */,
			);
			name = images;
			sourceTree = "<group>";
		};
		66A48FFE1AC5E90400CC21BA /* Gesture */ = {
			isa = PBXGroup;
			children = (
				66A48FFF1AC5E91500CC21BA /* InstantPanGestureRecognizer.h */,
				66A490001AC5E91500CC21BA /* InstantPanGestureRecognizer.m */,
			);
			name = Gesture;
			sourceTree = "<group>";
		};
/* End PBXGroup section */

/* Begin PBXNativeTarget section */
		66343C0F1ABF5BB500801962 /* spareparts */ = {
			isa = PBXNativeTarget;
			buildConfigurationList = 66343C331ABF5BB600801962 /* Build configuration list for PBXNativeTarget "spareparts" */;
			buildPhases = (
				66343C0C1ABF5BB500801962 /* Sources */,
				66343C0D1ABF5BB500801962 /* Frameworks */,
				66343C0E1ABF5BB500801962 /* Resources */,
				665CB55C1ACB2FE40045E51E /* ShellScript */,
			);
			buildRules = (
			);
			dependencies = (
			);
			name = spareparts;
			productName = "physics-2D-Verlet";
			productReference = 66343C101ABF5BB500801962 /* spareparts.app */;
			productType = "com.apple.product-type.application";
		};
/* End PBXNativeTarget section */

/* Begin PBXProject section */
		66343C081ABF5BB500801962 /* Project object */ = {
			isa = PBXProject;
			attributes = {
				LastUpgradeCheck = 0620;
				ORGANIZATIONNAME = "Milestone made";
				TargetAttributes = {
					66343C0F1ABF5BB500801962 = {
						CreatedOnToolsVersion = 6.2;
					};
				};
			};
			buildConfigurationList = 66343C0B1ABF5BB500801962 /* Build configuration list for PBXProject "spareparts" */;
			compatibilityVersion = "Xcode 3.2";
			developmentRegion = English;
			hasScannedForEncodings = 0;
			knownRegions = (
				en,
				Base,
			);
			mainGroup = 66343C071ABF5BB500801962;
			productRefGroup = 66343C111ABF5BB500801962 /* Products */;
			projectDirPath = "";
			projectRoot = "";
			targets = (
				66343C0F1ABF5BB500801962 /* spareparts */,
			);
		};
/* End PBXProject section */

/* Begin PBXResourcesBuildPhase section */
		66343C0E1ABF5BB500801962 /* Resources */ = {
			isa = PBXResourcesBuildPhase;
			buildActionMask = 2147483647;
			files = (
				666740511ACC6DE700750D6E /* screw-2@2x.png in Resources */,
				666740801ACC716200750D6E /* board-1@2x.png in Resources */,
				666740811ACC716200750D6E /* board-2.png in Resources */,
				66343C451ABF5FE300801962 /* cat.jpg in Resources */,
				666740591ACC6DE700750D6E /* screw-6@2x.png in Resources */,
				6667408A1ACC72F500750D6E /* wheel.png in Resources */,
				666740561ACC6DE700750D6E /* screw-5.png in Resources */,
				666740521ACC6DE700750D6E /* screw-3.png in Resources */,
				6667404F1ACC6DE700750D6E /* screw-1@2x.png in Resources */,
				666740831ACC716200750D6E /* board-3.png in Resources */,
				6667408B1ACC72F500750D6E /* wheel@2x.png in Resources */,
				66A08F091AC9E72800C670E5 /* piston-base.png in Resources */,
				6667407F1ACC716200750D6E /* board-1.png in Resources */,
				6667405C1ACC6DE700750D6E /* screw-8.png in Resources */,
				666740531ACC6DE700750D6E /* screw-3@2x.png in Resources */,
				669585241ACC80F9002C359C /* spring-component-top.png in Resources */,
				66677C611ACBA971003A6723 /* trash.png in Resources */,
				6667407E1ACC716200750D6E /* board-0@2x.png in Resources */,
				66343C471ABF5FE300801962 /* index.html in Resources */,
				6667405A1ACC6DE700750D6E /* screw-7.png in Resources */,
				666740501ACC6DE700750D6E /* screw-2.png in Resources */,
				66A08F0B1AC9E9DD00C670E5 /* engine-end.png in Resources */,
				66A08F0D1AC9E9E100C670E5 /* engine-back.png in Resources */,
				666740571ACC6DE700750D6E /* screw-5@2x.png in Resources */,
				666740581ACC6DE700750D6E /* screw-6.png in Resources */,
				66343C491ABF5FE300801962 /* ragdoll.js in Resources */,
				6667404D1ACC6DE700750D6E /* screw-0@2x.png in Resources */,
				666740851ACC716200750D6E /* board-4.png in Resources */,
				6667407D1ACC716200750D6E /* board-0.png in Resources */,
				66343C211ABF5BB500801962 /* Images.xcassets in Resources */,
				666740841ACC716200750D6E /* board-3@2x.png in Resources */,
				6667404E1ACC6DE700750D6E /* screw-1.png in Resources */,
				666740901ACC747400750D6E /* balloon-texture@2x.png in Resources */,
				66677C651ACBAAA3003A6723 /* play.png in Resources */,
				666740551ACC6DE700750D6E /* screw-4@2x.png in Resources */,
				66343C461ABF5FE300801962 /* image.js in Resources */,
				66677C631ACBAA9F003A6723 /* pause.png in Resources */,
				6667408F1ACC747400750D6E /* balloon-texture.png in Resources */,
				6667405D1ACC6DE700750D6E /* screw-8@2x.png in Resources */,
				666740541ACC6DE700750D6E /* screw-4.png in Resources */,
				66343C481ABF5FE300801962 /* main.js in Resources */,
				669585221ACC7FA5002C359C /* spring-component.png in Resources */,
				6667405B1ACC6DE700750D6E /* screw-7@2x.png in Resources */,
				66A08F071AC9E72300C670E5 /* piston-head.png in Resources */,
				666740821ACC716200750D6E /* board-2@2x.png in Resources */,
				666740861ACC716200750D6E /* board-4@2x.png in Resources */,
				6667404C1ACC6DE700750D6E /* screw-0.png in Resources */,
			);
			runOnlyForDeploymentPostprocessing = 0;
		};
/* End PBXResourcesBuildPhase section */

/* Begin PBXShellScriptBuildPhase section */
		665CB55C1ACB2FE40045E51E /* ShellScript */ = {
			isa = PBXShellScriptBuildPhase;
			buildActionMask = 2147483647;
			files = (
			);
			inputPaths = (
			);
			outputPaths = (
			);
			runOnlyForDeploymentPostprocessing = 0;
			shellPath = /bin/sh;
			shellScript = "# Update the CFBundleShortVersionString in the generated Info.plist using the most recent Git tag.\n# Idea taken from http://tinyurl.com/3usjj9d by Joachim Bondo.\n\n# Get the current release description from Git.\nGIT_RELEASE_SHORT_VERSION=`git describe --tags | awk '{split($0,a,\"-\"); print a[1]}'`\nGIT_RELEASE_VERSION=`git rev-list HEAD | wc -l | tr -d ' '`\n\necho \"built products dir/info plist\"\necho \"${BUILT_PRODUCTS_DIR}/${INFOPLIST_PATH%.*}\"\necho $GIT_RELEASE_VERSION\necho $GIT_RELEASE_SHORT_VERSION\n\n# Set the CFBundleShortVersionString in the generated Info.plist (stripping off the leading \"v\").\ndefaults write \"${BUILT_PRODUCTS_DIR}/${INFOPLIST_PATH%.*}\" \"CFBundleShortVersionString\" \"$GIT_RELEASE_SHORT_VERSION\"\ndefaults write \"${BUILT_PRODUCTS_DIR}/${INFOPLIST_PATH%.*}\" \"CFBundleVersion\" \"$GIT_RELEASE_VERSION\"\n\ntouch \"${BUILT_PRODUCTS_DIR}/${INFOPLIST_PATH%.*}.plist\"";
		};
/* End PBXShellScriptBuildPhase section */

/* Begin PBXSourcesBuildPhase section */
		66343C0C1ABF5BB500801962 /* Sources */ = {
			isa = PBXSourcesBuildPhase;
			buildActionMask = 2147483647;
			files = (
				66625FE51AC21E460025F441 /* MMPointPropsView.m in Sources */,
				66343C1C1ABF5BB500801962 /* MMPhysicsViewController.m in Sources */,
				66343C191ABF5BB500801962 /* AppDelegate.m in Sources */,
				66A490011AC5E91500CC21BA /* InstantPanGestureRecognizer.m in Sources */,
				66309CF21AC48E9900FACEF9 /* MMBalloon.m in Sources */,
				6695851F1ACC7BFC002C359C /* MMStickPropsView.m in Sources */,
				66343C3D1ABF5D2900801962 /* MMPhysicsView.m in Sources */,
				66309CFA1AC4942700FACEF9 /* MMWheel.m in Sources */,
				66309CEF1AC484FC00FACEF9 /* MMEngineShaft.m in Sources */,
				66677C5F1ACBA6D6003A6723 /* SidebarBackground.m in Sources */,
				66A490041AC5EAE500CC21BA /* MMSpring.m in Sources */,
				66625FE81AC220FE0025F441 /* MMPiston.m in Sources */,
				66343C161ABF5BB500801962 /* main.m in Sources */,
				66309CEC1AC484E900FACEF9 /* MMEnginePiston.m in Sources */,
				66625FEB1AC3496D0025F441 /* MMEngine.m in Sources */,
				666E0A691AC093A10018289C /* MMStick.m in Sources */,
				666E0A661AC0924D0018289C /* MMPoint.m in Sources */,
			);
			runOnlyForDeploymentPostprocessing = 0;
		};
/* End PBXSourcesBuildPhase section */

/* Begin XCBuildConfiguration section */
		66343C311ABF5BB600801962 /* Debug */ = {
			isa = XCBuildConfiguration;
			buildSettings = {
				ALWAYS_SEARCH_USER_PATHS = NO;
				CLANG_CXX_LANGUAGE_STANDARD = "gnu++0x";
				CLANG_CXX_LIBRARY = "libc++";
				CLANG_ENABLE_MODULES = YES;
				CLANG_ENABLE_OBJC_ARC = YES;
				CLANG_WARN_BOOL_CONVERSION = YES;
				CLANG_WARN_CONSTANT_CONVERSION = YES;
				CLANG_WARN_DIRECT_OBJC_ISA_USAGE = YES_ERROR;
				CLANG_WARN_EMPTY_BODY = YES;
				CLANG_WARN_ENUM_CONVERSION = YES;
				CLANG_WARN_INT_CONVERSION = YES;
				CLANG_WARN_OBJC_ROOT_CLASS = YES_ERROR;
				CLANG_WARN_UNREACHABLE_CODE = YES;
				CLANG_WARN__DUPLICATE_METHOD_MATCH = YES;
				"CODE_SIGN_IDENTITY[sdk=iphoneos*]" = "iPhone Developer";
				COPY_PHASE_STRIP = NO;
				ENABLE_STRICT_OBJC_MSGSEND = YES;
				GCC_C_LANGUAGE_STANDARD = gnu99;
				GCC_DYNAMIC_NO_PIC = NO;
				GCC_OPTIMIZATION_LEVEL = 0;
				GCC_PREPROCESSOR_DEFINITIONS = (
					"DEBUG=1",
					"$(inherited)",
				);
				GCC_SYMBOLS_PRIVATE_EXTERN = NO;
				GCC_WARN_64_TO_32_BIT_CONVERSION = YES;
				GCC_WARN_ABOUT_RETURN_TYPE = YES_ERROR;
				GCC_WARN_UNDECLARED_SELECTOR = YES;
				GCC_WARN_UNINITIALIZED_AUTOS = YES_AGGRESSIVE;
				GCC_WARN_UNUSED_FUNCTION = YES;
				GCC_WARN_UNUSED_VARIABLE = YES;
				IPHONEOS_DEPLOYMENT_TARGET = 8.2;
				MTL_ENABLE_DEBUG_INFO = YES;
				ONLY_ACTIVE_ARCH = YES;
				SDKROOT = iphoneos;
				TARGETED_DEVICE_FAMILY = 2;
			};
			name = Debug;
		};
		66343C321ABF5BB600801962 /* Release */ = {
			isa = XCBuildConfiguration;
			buildSettings = {
				ALWAYS_SEARCH_USER_PATHS = NO;
				CLANG_CXX_LANGUAGE_STANDARD = "gnu++0x";
				CLANG_CXX_LIBRARY = "libc++";
				CLANG_ENABLE_MODULES = YES;
				CLANG_ENABLE_OBJC_ARC = YES;
				CLANG_WARN_BOOL_CONVERSION = YES;
				CLANG_WARN_CONSTANT_CONVERSION = YES;
				CLANG_WARN_DIRECT_OBJC_ISA_USAGE = YES_ERROR;
				CLANG_WARN_EMPTY_BODY = YES;
				CLANG_WARN_ENUM_CONVERSION = YES;
				CLANG_WARN_INT_CONVERSION = YES;
				CLANG_WARN_OBJC_ROOT_CLASS = YES_ERROR;
				CLANG_WARN_UNREACHABLE_CODE = YES;
				CLANG_WARN__DUPLICATE_METHOD_MATCH = YES;
				"CODE_SIGN_IDENTITY[sdk=iphoneos*]" = "iPhone Developer";
				COPY_PHASE_STRIP = NO;
				ENABLE_NS_ASSERTIONS = NO;
				ENABLE_STRICT_OBJC_MSGSEND = YES;
				GCC_C_LANGUAGE_STANDARD = gnu99;
				GCC_WARN_64_TO_32_BIT_CONVERSION = YES;
				GCC_WARN_ABOUT_RETURN_TYPE = YES_ERROR;
				GCC_WARN_UNDECLARED_SELECTOR = YES;
				GCC_WARN_UNINITIALIZED_AUTOS = YES_AGGRESSIVE;
				GCC_WARN_UNUSED_FUNCTION = YES;
				GCC_WARN_UNUSED_VARIABLE = YES;
				IPHONEOS_DEPLOYMENT_TARGET = 8.2;
				MTL_ENABLE_DEBUG_INFO = NO;
				SDKROOT = iphoneos;
				TARGETED_DEVICE_FAMILY = 2;
				VALIDATE_PRODUCT = YES;
			};
			name = Release;
		};
		66343C341ABF5BB600801962 /* Debug */ = {
			isa = XCBuildConfiguration;
			buildSettings = {
				ASSETCATALOG_COMPILER_APPICON_NAME = AppIcon;
				INFOPLIST_FILE = "physics-2D-Verlet/Info.plist";
				IPHONEOS_DEPLOYMENT_TARGET = 8.0;
				LD_RUNPATH_SEARCH_PATHS = "$(inherited) @executable_path/Frameworks";
				PRODUCT_NAME = spareparts;
			};
			name = Debug;
		};
		66343C351ABF5BB600801962 /* Release */ = {
			isa = XCBuildConfiguration;
			buildSettings = {
				ASSETCATALOG_COMPILER_APPICON_NAME = AppIcon;
				INFOPLIST_FILE = "physics-2D-Verlet/Info.plist";
				IPHONEOS_DEPLOYMENT_TARGET = 8.0;
				LD_RUNPATH_SEARCH_PATHS = "$(inherited) @executable_path/Frameworks";
				PRODUCT_NAME = spareparts;
			};
			name = Release;
		};
/* End XCBuildConfiguration section */

/* Begin XCConfigurationList section */
		66343C0B1ABF5BB500801962 /* Build configuration list for PBXProject "spareparts" */ = {
			isa = XCConfigurationList;
			buildConfigurations = (
				66343C311ABF5BB600801962 /* Debug */,
				66343C321ABF5BB600801962 /* Release */,
			);
			defaultConfigurationIsVisible = 0;
			defaultConfigurationName = Release;
		};
		66343C331ABF5BB600801962 /* Build configuration list for PBXNativeTarget "spareparts" */ = {
			isa = XCConfigurationList;
			buildConfigurations = (
				66343C341ABF5BB600801962 /* Debug */,
				66343C351ABF5BB600801962 /* Release */,
			);
			defaultConfigurationIsVisible = 0;
			defaultConfigurationName = Release;
		};
/* End XCConfigurationList section */
	};
	rootObject = 66343C081ABF5BB500801962 /* Project object */;
}
