// !$*UTF8*$!
{
	archiveVersion = 1;
	classes = {
	};
	objectVersion = 46;
	objects = {

/* Begin PBXBuildFile section */
		66309CEC1AC484E900FACEF9 /* MMEnginePiston.m in Sources */ = {isa = PBXBuildFile; fileRef = 66309CEB1AC484E900FACEF9 /* MMEnginePiston.m */; };
		66309CEF1AC484FC00FACEF9 /* MMEngineShaft.m in Sources */ = {isa = PBXBuildFile; fileRef = 66309CEE1AC484FC00FACEF9 /* MMEngineShaft.m */; };
		66309CF21AC48E9900FACEF9 /* MMBalloon.m in Sources */ = {isa = PBXBuildFile; fileRef = 66309CF11AC48E9900FACEF9 /* MMBalloon.m */; };
		66309CFA1AC4942700FACEF9 /* MMWheel.m in Sources */ = {isa = PBXBuildFile; fileRef = 66309CF91AC4942700FACEF9 /* MMWheel.m */; };
		66343C161ABF5BB500801962 /* main.m in Sources */ = {isa = PBXBuildFile; fileRef = 66343C151ABF5BB500801962 /* main.m */; };
		66343C191ABF5BB500801962 /* AppDelegate.m in Sources */ = {isa = PBXBuildFile; fileRef = 66343C181ABF5BB500801962 /* AppDelegate.m */; };
		66343C1C1ABF5BB500801962 /* MMPhysicsViewController.m in Sources */ = {isa = PBXBuildFile; fileRef = 66343C1B1ABF5BB500801962 /* MMPhysicsViewController.m */; };
		66343C211ABF5BB500801962 /* Images.xcassets in Resources */ = {isa = PBXBuildFile; fileRef = 66343C201ABF5BB500801962 /* Images.xcassets */; };
		66343C301ABF5BB600801962 /* physics_2D_VerletTests.m in Sources */ = {isa = PBXBuildFile; fileRef = 66343C2F1ABF5BB600801962 /* physics_2D_VerletTests.m */; };
		66343C3D1ABF5D2900801962 /* MMPhysicsView.m in Sources */ = {isa = PBXBuildFile; fileRef = 66343C3C1ABF5D2900801962 /* MMPhysicsView.m */; };
		66343C451ABF5FE300801962 /* cat.jpg in Resources */ = {isa = PBXBuildFile; fileRef = 66343C401ABF5FE300801962 /* cat.jpg */; };
		66343C461ABF5FE300801962 /* image.js in Resources */ = {isa = PBXBuildFile; fileRef = 66343C411ABF5FE300801962 /* image.js */; };
		66343C471ABF5FE300801962 /* index.html in Resources */ = {isa = PBXBuildFile; fileRef = 66343C421ABF5FE300801962 /* index.html */; };
		66343C481ABF5FE300801962 /* main.js in Resources */ = {isa = PBXBuildFile; fileRef = 66343C431ABF5FE300801962 /* main.js */; };
		66343C491ABF5FE300801962 /* ragdoll.js in Resources */ = {isa = PBXBuildFile; fileRef = 66343C441ABF5FE300801962 /* ragdoll.js */; };
		66625FE51AC21E460025F441 /* MMPointPropsView.m in Sources */ = {isa = PBXBuildFile; fileRef = 66625FE41AC21E460025F441 /* MMPointPropsView.m */; };
		66625FE81AC220FE0025F441 /* MMPiston.m in Sources */ = {isa = PBXBuildFile; fileRef = 66625FE71AC220FE0025F441 /* MMPiston.m */; };
		66625FEB1AC3496D0025F441 /* MMEngine.m in Sources */ = {isa = PBXBuildFile; fileRef = 66625FEA1AC3496D0025F441 /* MMEngine.m */; };
		666E0A661AC0924D0018289C /* MMPoint.m in Sources */ = {isa = PBXBuildFile; fileRef = 666E0A651AC0924D0018289C /* MMPoint.m */; };
		666E0A691AC093A10018289C /* MMStick.m in Sources */ = {isa = PBXBuildFile; fileRef = 666E0A681AC093A10018289C /* MMStick.m */; };
		66A08EFA1AC9D86700C670E5 /* screw2.png in Resources */ = {isa = PBXBuildFile; fileRef = 66A08EF91AC9D86700C670E5 /* screw2.png */; };
		66A08EFC1AC9D86B00C670E5 /* screw1.png in Resources */ = {isa = PBXBuildFile; fileRef = 66A08EFB1AC9D86B00C670E5 /* screw1.png */; };
		66A08EFE1AC9D86F00C670E5 /* screw2@2x.png in Resources */ = {isa = PBXBuildFile; fileRef = 66A08EFD1AC9D86F00C670E5 /* screw2@2x.png */; };
		66A08F001AC9D87300C670E5 /* screw1@2x.png in Resources */ = {isa = PBXBuildFile; fileRef = 66A08EFF1AC9D87300C670E5 /* screw1@2x.png */; };
		66A08F021AC9DACD00C670E5 /* board1.png in Resources */ = {isa = PBXBuildFile; fileRef = 66A08F011AC9DACD00C670E5 /* board1.png */; };
		66A490011AC5E91500CC21BA /* InstantPanGestureRecognizer.m in Sources */ = {isa = PBXBuildFile; fileRef = 66A490001AC5E91500CC21BA /* InstantPanGestureRecognizer.m */; };
		66A490041AC5EAE500CC21BA /* MMSpring.m in Sources */ = {isa = PBXBuildFile; fileRef = 66A490031AC5EAE500CC21BA /* MMSpring.m */; };
/* End PBXBuildFile section */

/* Begin PBXContainerItemProxy section */
		66343C2A1ABF5BB600801962 /* PBXContainerItemProxy */ = {
			isa = PBXContainerItemProxy;
			containerPortal = 66343C081ABF5BB500801962 /* Project object */;
			proxyType = 1;
			remoteGlobalIDString = 66343C0F1ABF5BB500801962;
			remoteInfo = "physics-2D-Verlet";
		};
/* End PBXContainerItemProxy section */

/* Begin PBXFileReference section */
		66309CEA1AC484E900FACEF9 /* MMEnginePiston.h */ = {isa = PBXFileReference; fileEncoding = 4; lastKnownFileType = sourcecode.c.h; path = MMEnginePiston.h; sourceTree = "<group>"; };
		66309CEB1AC484E900FACEF9 /* MMEnginePiston.m */ = {isa = PBXFileReference; fileEncoding = 4; lastKnownFileType = sourcecode.c.objc; path = MMEnginePiston.m; sourceTree = "<group>"; };
		66309CED1AC484FC00FACEF9 /* MMEngineShaft.h */ = {isa = PBXFileReference; fileEncoding = 4; lastKnownFileType = sourcecode.c.h; path = MMEngineShaft.h; sourceTree = "<group>"; };
		66309CEE1AC484FC00FACEF9 /* MMEngineShaft.m */ = {isa = PBXFileReference; fileEncoding = 4; lastKnownFileType = sourcecode.c.objc; path = MMEngineShaft.m; sourceTree = "<group>"; };
		66309CF01AC48E9900FACEF9 /* MMBalloon.h */ = {isa = PBXFileReference; fileEncoding = 4; lastKnownFileType = sourcecode.c.h; path = MMBalloon.h; sourceTree = "<group>"; };
		66309CF11AC48E9900FACEF9 /* MMBalloon.m */ = {isa = PBXFileReference; fileEncoding = 4; lastKnownFileType = sourcecode.c.objc; path = MMBalloon.m; sourceTree = "<group>"; };
		66309CF81AC4942700FACEF9 /* MMWheel.h */ = {isa = PBXFileReference; fileEncoding = 4; lastKnownFileType = sourcecode.c.h; path = MMWheel.h; sourceTree = "<group>"; };
		66309CF91AC4942700FACEF9 /* MMWheel.m */ = {isa = PBXFileReference; fileEncoding = 4; lastKnownFileType = sourcecode.c.objc; path = MMWheel.m; sourceTree = "<group>"; };
		66343C101ABF5BB500801962 /* physics-2D-Verlet.app */ = {isa = PBXFileReference; explicitFileType = wrapper.application; includeInIndex = 0; path = "physics-2D-Verlet.app"; sourceTree = BUILT_PRODUCTS_DIR; };
		66343C141ABF5BB500801962 /* Info.plist */ = {isa = PBXFileReference; lastKnownFileType = text.plist.xml; path = Info.plist; sourceTree = "<group>"; };
		66343C151ABF5BB500801962 /* main.m */ = {isa = PBXFileReference; lastKnownFileType = sourcecode.c.objc; path = main.m; sourceTree = "<group>"; };
		66343C171ABF5BB500801962 /* AppDelegate.h */ = {isa = PBXFileReference; lastKnownFileType = sourcecode.c.h; path = AppDelegate.h; sourceTree = "<group>"; };
		66343C181ABF5BB500801962 /* AppDelegate.m */ = {isa = PBXFileReference; lastKnownFileType = sourcecode.c.objc; path = AppDelegate.m; sourceTree = "<group>"; };
		66343C1A1ABF5BB500801962 /* MMPhysicsViewController.h */ = {isa = PBXFileReference; lastKnownFileType = sourcecode.c.h; path = MMPhysicsViewController.h; sourceTree = "<group>"; };
		66343C1B1ABF5BB500801962 /* MMPhysicsViewController.m */ = {isa = PBXFileReference; lastKnownFileType = sourcecode.c.objc; path = MMPhysicsViewController.m; sourceTree = "<group>"; };
		66343C201ABF5BB500801962 /* Images.xcassets */ = {isa = PBXFileReference; lastKnownFileType = folder.assetcatalog; path = Images.xcassets; sourceTree = "<group>"; };
		66343C291ABF5BB600801962 /* physics-2D-VerletTests.xctest */ = {isa = PBXFileReference; explicitFileType = wrapper.cfbundle; includeInIndex = 0; path = "physics-2D-VerletTests.xctest"; sourceTree = BUILT_PRODUCTS_DIR; };
		66343C2E1ABF5BB600801962 /* Info.plist */ = {isa = PBXFileReference; lastKnownFileType = text.plist.xml; path = Info.plist; sourceTree = "<group>"; };
		66343C2F1ABF5BB600801962 /* physics_2D_VerletTests.m */ = {isa = PBXFileReference; lastKnownFileType = sourcecode.c.objc; path = physics_2D_VerletTests.m; sourceTree = "<group>"; };
		66343C3B1ABF5D2900801962 /* MMPhysicsView.h */ = {isa = PBXFileReference; fileEncoding = 4; lastKnownFileType = sourcecode.c.h; path = MMPhysicsView.h; sourceTree = "<group>"; };
		66343C3C1ABF5D2900801962 /* MMPhysicsView.m */ = {isa = PBXFileReference; fileEncoding = 4; lastKnownFileType = sourcecode.c.objc; path = MMPhysicsView.m; sourceTree = "<group>"; };
		66343C401ABF5FE300801962 /* cat.jpg */ = {isa = PBXFileReference; lastKnownFileType = image.jpeg; name = cat.jpg; path = codingmath/episode38/cat.jpg; sourceTree = SOURCE_ROOT; };
		66343C411ABF5FE300801962 /* image.js */ = {isa = PBXFileReference; fileEncoding = 4; lastKnownFileType = sourcecode.javascript; name = image.js; path = codingmath/episode38/image.js; sourceTree = SOURCE_ROOT; };
		66343C421ABF5FE300801962 /* index.html */ = {isa = PBXFileReference; fileEncoding = 4; lastKnownFileType = text.html; name = index.html; path = codingmath/episode38/index.html; sourceTree = SOURCE_ROOT; };
		66343C431ABF5FE300801962 /* main.js */ = {isa = PBXFileReference; fileEncoding = 4; lastKnownFileType = sourcecode.javascript; name = main.js; path = codingmath/episode38/main.js; sourceTree = SOURCE_ROOT; };
		66343C441ABF5FE300801962 /* ragdoll.js */ = {isa = PBXFileReference; fileEncoding = 4; lastKnownFileType = sourcecode.javascript; name = ragdoll.js; path = codingmath/episode38/ragdoll.js; sourceTree = SOURCE_ROOT; };
		66625FE31AC21E460025F441 /* MMPointPropsView.h */ = {isa = PBXFileReference; fileEncoding = 4; lastKnownFileType = sourcecode.c.h; path = MMPointPropsView.h; sourceTree = "<group>"; };
		66625FE41AC21E460025F441 /* MMPointPropsView.m */ = {isa = PBXFileReference; fileEncoding = 4; lastKnownFileType = sourcecode.c.objc; path = MMPointPropsView.m; sourceTree = "<group>"; };
		66625FE61AC220FE0025F441 /* MMPiston.h */ = {isa = PBXFileReference; fileEncoding = 4; lastKnownFileType = sourcecode.c.h; path = MMPiston.h; sourceTree = "<group>"; };
		66625FE71AC220FE0025F441 /* MMPiston.m */ = {isa = PBXFileReference; fileEncoding = 4; lastKnownFileType = sourcecode.c.objc; path = MMPiston.m; sourceTree = "<group>"; };
		66625FE91AC3496D0025F441 /* MMEngine.h */ = {isa = PBXFileReference; fileEncoding = 4; lastKnownFileType = sourcecode.c.h; path = MMEngine.h; sourceTree = "<group>"; };
		66625FEA1AC3496D0025F441 /* MMEngine.m */ = {isa = PBXFileReference; fileEncoding = 4; lastKnownFileType = sourcecode.c.objc; path = MMEngine.m; sourceTree = "<group>"; };
		666E0A641AC0924C0018289C /* MMPoint.h */ = {isa = PBXFileReference; fileEncoding = 4; lastKnownFileType = sourcecode.c.h; path = MMPoint.h; sourceTree = "<group>"; };
		666E0A651AC0924D0018289C /* MMPoint.m */ = {isa = PBXFileReference; fileEncoding = 4; lastKnownFileType = sourcecode.c.objc; path = MMPoint.m; sourceTree = "<group>"; };
		666E0A671AC093A10018289C /* MMStick.h */ = {isa = PBXFileReference; fileEncoding = 4; lastKnownFileType = sourcecode.c.h; path = MMStick.h; sourceTree = "<group>"; };
		666E0A681AC093A10018289C /* MMStick.m */ = {isa = PBXFileReference; fileEncoding = 4; lastKnownFileType = sourcecode.c.objc; path = MMStick.m; sourceTree = "<group>"; };
		66A08EF91AC9D86700C670E5 /* screw2.png */ = {isa = PBXFileReference; lastKnownFileType = image.png; path = screw2.png; sourceTree = "<group>"; };
		66A08EFB1AC9D86B00C670E5 /* screw1.png */ = {isa = PBXFileReference; lastKnownFileType = image.png; path = screw1.png; sourceTree = "<group>"; };
		66A08EFD1AC9D86F00C670E5 /* screw2@2x.png */ = {isa = PBXFileReference; lastKnownFileType = image.png; path = "screw2@2x.png"; sourceTree = "<group>"; };
		66A08EFF1AC9D87300C670E5 /* screw1@2x.png */ = {isa = PBXFileReference; lastKnownFileType = image.png; path = "screw1@2x.png"; sourceTree = "<group>"; };
		66A08F011AC9DACD00C670E5 /* board1.png */ = {isa = PBXFileReference; lastKnownFileType = image.png; path = board1.png; sourceTree = "<group>"; };
		66A08F031AC9DF9200C670E5 /* Constants.h */ = {isa = PBXFileReference; lastKnownFileType = sourcecode.c.h; path = Constants.h; sourceTree = "<group>"; };
		66A48FFF1AC5E91500CC21BA /* InstantPanGestureRecognizer.h */ = {isa = PBXFileReference; fileEncoding = 4; lastKnownFileType = sourcecode.c.h; path = InstantPanGestureRecognizer.h; sourceTree = "<group>"; };
		66A490001AC5E91500CC21BA /* InstantPanGestureRecognizer.m */ = {isa = PBXFileReference; fileEncoding = 4; lastKnownFileType = sourcecode.c.objc; path = InstantPanGestureRecognizer.m; sourceTree = "<group>"; };
		66A490021AC5EAE500CC21BA /* MMSpring.h */ = {isa = PBXFileReference; fileEncoding = 4; lastKnownFileType = sourcecode.c.h; path = MMSpring.h; sourceTree = "<group>"; };
		66A490031AC5EAE500CC21BA /* MMSpring.m */ = {isa = PBXFileReference; fileEncoding = 4; lastKnownFileType = sourcecode.c.objc; path = MMSpring.m; sourceTree = "<group>"; };
/* End PBXFileReference section */

/* Begin PBXFrameworksBuildPhase section */
		66343C0D1ABF5BB500801962 /* Frameworks */ = {
			isa = PBXFrameworksBuildPhase;
			buildActionMask = 2147483647;
			files = (
			);
			runOnlyForDeploymentPostprocessing = 0;
		};
		66343C261ABF5BB600801962 /* Frameworks */ = {
			isa = PBXFrameworksBuildPhase;
			buildActionMask = 2147483647;
			files = (
			);
			runOnlyForDeploymentPostprocessing = 0;
		};
/* End PBXFrameworksBuildPhase section */

/* Begin PBXGroup section */
		66309CE91AC484BC00FACEF9 /* Engine */ = {
			isa = PBXGroup;
			children = (
				66625FE91AC3496D0025F441 /* MMEngine.h */,
				66625FEA1AC3496D0025F441 /* MMEngine.m */,
				66309CEA1AC484E900FACEF9 /* MMEnginePiston.h */,
				66309CEB1AC484E900FACEF9 /* MMEnginePiston.m */,
				66309CED1AC484FC00FACEF9 /* MMEngineShaft.h */,
				66309CEE1AC484FC00FACEF9 /* MMEngineShaft.m */,
			);
			name = Engine;
			sourceTree = "<group>";
		};
		66309CF31AC48EA000FACEF9 /* Points Obs */ = {
			isa = PBXGroup;
			children = (
				666E0A641AC0924C0018289C /* MMPoint.h */,
				666E0A651AC0924D0018289C /* MMPoint.m */,
				66309CF01AC48E9900FACEF9 /* MMBalloon.h */,
				66309CF11AC48E9900FACEF9 /* MMBalloon.m */,
			);
			name = "Points Obs";
			sourceTree = "<group>";
		};
		66309CF41AC48EA700FACEF9 /* Stick Objs */ = {
			isa = PBXGroup;
			children = (
				666E0A671AC093A10018289C /* MMStick.h */,
				666E0A681AC093A10018289C /* MMStick.m */,
				66A490021AC5EAE500CC21BA /* MMSpring.h */,
				66A490031AC5EAE500CC21BA /* MMSpring.m */,
				66625FE61AC220FE0025F441 /* MMPiston.h */,
				66625FE71AC220FE0025F441 /* MMPiston.m */,
				66309CE91AC484BC00FACEF9 /* Engine */,
				66309CFB1AC4942C00FACEF9 /* Wheel */,
			);
			name = "Stick Objs";
			sourceTree = "<group>";
		};
		66309CFB1AC4942C00FACEF9 /* Wheel */ = {
			isa = PBXGroup;
			children = (
				66309CF81AC4942700FACEF9 /* MMWheel.h */,
				66309CF91AC4942700FACEF9 /* MMWheel.m */,
			);
			name = Wheel;
			sourceTree = "<group>";
		};
		66343C071ABF5BB500801962 = {
			isa = PBXGroup;
			children = (
				66343C121ABF5BB500801962 /* physics-2D-Verlet */,
				66343C2C1ABF5BB600801962 /* physics-2D-VerletTests */,
				66343C111ABF5BB500801962 /* Products */,
			);
			sourceTree = "<group>";
		};
		66343C111ABF5BB500801962 /* Products */ = {
			isa = PBXGroup;
			children = (
				66343C101ABF5BB500801962 /* physics-2D-Verlet.app */,
				66343C291ABF5BB600801962 /* physics-2D-VerletTests.xctest */,
			);
			name = Products;
			sourceTree = "<group>";
		};
		66343C121ABF5BB500801962 /* physics-2D-Verlet */ = {
			isa = PBXGroup;
			children = (
				66A08F031AC9DF9200C670E5 /* Constants.h */,
				66A08EF81AC9D85E00C670E5 /* images */,
				66A48FFE1AC5E90400CC21BA /* Gesture */,
				66343C3A1ABF5D1300801962 /* PhysicsView */,
				66343C391ABF5D0700801962 /* App Delegate */,
				66343C131ABF5BB500801962 /* Supporting Files */,
				66343C4A1ABF5FE500801962 /* Reference from CodingMath */,
			);
			path = "physics-2D-Verlet";
			sourceTree = "<group>";
		};
		66343C131ABF5BB500801962 /* Supporting Files */ = {
			isa = PBXGroup;
			children = (
				66343C201ABF5BB500801962 /* Images.xcassets */,
				66343C141ABF5BB500801962 /* Info.plist */,
				66343C151ABF5BB500801962 /* main.m */,
			);
			name = "Supporting Files";
			sourceTree = "<group>";
		};
		66343C2C1ABF5BB600801962 /* physics-2D-VerletTests */ = {
			isa = PBXGroup;
			children = (
				66343C2F1ABF5BB600801962 /* physics_2D_VerletTests.m */,
				66343C2D1ABF5BB600801962 /* Supporting Files */,
			);
			path = "physics-2D-VerletTests";
			sourceTree = "<group>";
		};
		66343C2D1ABF5BB600801962 /* Supporting Files */ = {
			isa = PBXGroup;
			children = (
				66343C2E1ABF5BB600801962 /* Info.plist */,
			);
			name = "Supporting Files";
			sourceTree = "<group>";
		};
		66343C391ABF5D0700801962 /* App Delegate */ = {
			isa = PBXGroup;
			children = (
				66343C171ABF5BB500801962 /* AppDelegate.h */,
				66343C181ABF5BB500801962 /* AppDelegate.m */,
				66343C1A1ABF5BB500801962 /* MMPhysicsViewController.h */,
				66343C1B1ABF5BB500801962 /* MMPhysicsViewController.m */,
			);
			name = "App Delegate";
			sourceTree = "<group>";
		};
		66343C3A1ABF5D1300801962 /* PhysicsView */ = {
			isa = PBXGroup;
			children = (
				66343C3B1ABF5D2900801962 /* MMPhysicsView.h */,
				66343C3C1ABF5D2900801962 /* MMPhysicsView.m */,
				66625FE31AC21E460025F441 /* MMPointPropsView.h */,
				66625FE41AC21E460025F441 /* MMPointPropsView.m */,
				66309CF31AC48EA000FACEF9 /* Points Obs */,
				66309CF41AC48EA700FACEF9 /* Stick Objs */,
			);
			name = PhysicsView;
			sourceTree = "<group>";
		};
		66343C4A1ABF5FE500801962 /* Reference from CodingMath */ = {
			isa = PBXGroup;
			children = (
				66343C401ABF5FE300801962 /* cat.jpg */,
				66343C411ABF5FE300801962 /* image.js */,
				66343C421ABF5FE300801962 /* index.html */,
				66343C431ABF5FE300801962 /* main.js */,
				66343C441ABF5FE300801962 /* ragdoll.js */,
			);
			name = "Reference from CodingMath";
			sourceTree = "<group>";
		};
		66A08EF81AC9D85E00C670E5 /* images */ = {
			isa = PBXGroup;
			children = (
				66A08F011AC9DACD00C670E5 /* board1.png */,
				66A08EF91AC9D86700C670E5 /* screw2.png */,
				66A08EFB1AC9D86B00C670E5 /* screw1.png */,
				66A08EFD1AC9D86F00C670E5 /* screw2@2x.png */,
				66A08EFF1AC9D87300C670E5 /* screw1@2x.png */,
			);
			name = images;
			sourceTree = "<group>";
		};
		66A48FFE1AC5E90400CC21BA /* Gesture */ = {
			isa = PBXGroup;
			children = (
				66A48FFF1AC5E91500CC21BA /* InstantPanGestureRecognizer.h */,
				66A490001AC5E91500CC21BA /* InstantPanGestureRecognizer.m */,
			);
			name = Gesture;
			sourceTree = "<group>";
		};
/* End PBXGroup section */

/* Begin PBXNativeTarget section */
		66343C0F1ABF5BB500801962 /* physics-2D-Verlet */ = {
			isa = PBXNativeTarget;
			buildConfigurationList = 66343C331ABF5BB600801962 /* Build configuration list for PBXNativeTarget "physics-2D-Verlet" */;
			buildPhases = (
				66343C0C1ABF5BB500801962 /* Sources */,
				66343C0D1ABF5BB500801962 /* Frameworks */,
				66343C0E1ABF5BB500801962 /* Resources */,
			);
			buildRules = (
			);
			dependencies = (
			);
			name = "physics-2D-Verlet";
			productName = "physics-2D-Verlet";
			productReference = 66343C101ABF5BB500801962 /* physics-2D-Verlet.app */;
			productType = "com.apple.product-type.application";
		};
		66343C281ABF5BB600801962 /* physics-2D-VerletTests */ = {
			isa = PBXNativeTarget;
			buildConfigurationList = 66343C361ABF5BB600801962 /* Build configuration list for PBXNativeTarget "physics-2D-VerletTests" */;
			buildPhases = (
				66343C251ABF5BB600801962 /* Sources */,
				66343C261ABF5BB600801962 /* Frameworks */,
				66343C271ABF5BB600801962 /* Resources */,
			);
			buildRules = (
			);
			dependencies = (
				66343C2B1ABF5BB600801962 /* PBXTargetDependency */,
			);
			name = "physics-2D-VerletTests";
			productName = "physics-2D-VerletTests";
			productReference = 66343C291ABF5BB600801962 /* physics-2D-VerletTests.xctest */;
			productType = "com.apple.product-type.bundle.unit-test";
		};
/* End PBXNativeTarget section */

/* Begin PBXProject section */
		66343C081ABF5BB500801962 /* Project object */ = {
			isa = PBXProject;
			attributes = {
				LastUpgradeCheck = 0620;
				ORGANIZATIONNAME = "Milestone made";
				TargetAttributes = {
					66343C0F1ABF5BB500801962 = {
						CreatedOnToolsVersion = 6.2;
					};
					66343C281ABF5BB600801962 = {
						CreatedOnToolsVersion = 6.2;
						TestTargetID = 66343C0F1ABF5BB500801962;
					};
				};
			};
			buildConfigurationList = 66343C0B1ABF5BB500801962 /* Build configuration list for PBXProject "physics-2D-Verlet" */;
			compatibilityVersion = "Xcode 3.2";
			developmentRegion = English;
			hasScannedForEncodings = 0;
			knownRegions = (
				en,
				Base,
			);
			mainGroup = 66343C071ABF5BB500801962;
			productRefGroup = 66343C111ABF5BB500801962 /* Products */;
			projectDirPath = "";
			projectRoot = "";
			targets = (
				66343C0F1ABF5BB500801962 /* physics-2D-Verlet */,
				66343C281ABF5BB600801962 /* physics-2D-VerletTests */,
			);
		};
/* End PBXProject section */

/* Begin PBXResourcesBuildPhase section */
		66343C0E1ABF5BB500801962 /* Resources */ = {
			isa = PBXResourcesBuildPhase;
			buildActionMask = 2147483647;
			files = (
				66343C451ABF5FE300801962 /* cat.jpg in Resources */,
				66343C471ABF5FE300801962 /* index.html in Resources */,
				66A08EFC1AC9D86B00C670E5 /* screw1.png in Resources */,
				66A08EFA1AC9D86700C670E5 /* screw2.png in Resources */,
				66343C491ABF5FE300801962 /* ragdoll.js in Resources */,
				66A08F001AC9D87300C670E5 /* screw1@2x.png in Resources */,
				66343C211ABF5BB500801962 /* Images.xcassets in Resources */,
				66A08EFE1AC9D86F00C670E5 /* screw2@2x.png in Resources */,
				66343C461ABF5FE300801962 /* image.js in Resources */,
				66343C481ABF5FE300801962 /* main.js in Resources */,
				66A08F021AC9DACD00C670E5 /* board1.png in Resources */,
			);
			runOnlyForDeploymentPostprocessing = 0;
		};
		66343C271ABF5BB600801962 /* Resources */ = {
			isa = PBXResourcesBuildPhase;
			buildActionMask = 2147483647;
			files = (
			);
			runOnlyForDeploymentPostprocessing = 0;
		};
/* End PBXResourcesBuildPhase section */

/* Begin PBXSourcesBuildPhase section */
		66343C0C1ABF5BB500801962 /* Sources */ = {
			isa = PBXSourcesBuildPhase;
			buildActionMask = 2147483647;
			files = (
				66625FE51AC21E460025F441 /* MMPointPropsView.m in Sources */,
				66343C1C1ABF5BB500801962 /* MMPhysicsViewController.m in Sources */,
				66343C191ABF5BB500801962 /* AppDelegate.m in Sources */,
				66A490011AC5E91500CC21BA /* InstantPanGestureRecognizer.m in Sources */,
				66309CF21AC48E9900FACEF9 /* MMBalloon.m in Sources */,
				66343C3D1ABF5D2900801962 /* MMPhysicsView.m in Sources */,
				66309CFA1AC4942700FACEF9 /* MMWheel.m in Sources */,
				66309CEF1AC484FC00FACEF9 /* MMEngineShaft.m in Sources */,
				66A490041AC5EAE500CC21BA /* MMSpring.m in Sources */,
				66625FE81AC220FE0025F441 /* MMPiston.m in Sources */,
				66343C161ABF5BB500801962 /* main.m in Sources */,
				66309CEC1AC484E900FACEF9 /* MMEnginePiston.m in Sources */,
				66625FEB1AC3496D0025F441 /* MMEngine.m in Sources */,
				666E0A691AC093A10018289C /* MMStick.m in Sources */,
				666E0A661AC0924D0018289C /* MMPoint.m in Sources */,
			);
			runOnlyForDeploymentPostprocessing = 0;
		};
		66343C251ABF5BB600801962 /* Sources */ = {
			isa = PBXSourcesBuildPhase;
			buildActionMask = 2147483647;
			files = (
				66343C301ABF5BB600801962 /* physics_2D_VerletTests.m in Sources */,
			);
			runOnlyForDeploymentPostprocessing = 0;
		};
/* End PBXSourcesBuildPhase section */

/* Begin PBXTargetDependency section */
		66343C2B1ABF5BB600801962 /* PBXTargetDependency */ = {
			isa = PBXTargetDependency;
			target = 66343C0F1ABF5BB500801962 /* physics-2D-Verlet */;
			targetProxy = 66343C2A1ABF5BB600801962 /* PBXContainerItemProxy */;
		};
/* End PBXTargetDependency section */

/* Begin XCBuildConfiguration section */
		66343C311ABF5BB600801962 /* Debug */ = {
			isa = XCBuildConfiguration;
			buildSettings = {
				ALWAYS_SEARCH_USER_PATHS = NO;
				CLANG_CXX_LANGUAGE_STANDARD = "gnu++0x";
				CLANG_CXX_LIBRARY = "libc++";
				CLANG_ENABLE_MODULES = YES;
				CLANG_ENABLE_OBJC_ARC = YES;
				CLANG_WARN_BOOL_CONVERSION = YES;
				CLANG_WARN_CONSTANT_CONVERSION = YES;
				CLANG_WARN_DIRECT_OBJC_ISA_USAGE = YES_ERROR;
				CLANG_WARN_EMPTY_BODY = YES;
				CLANG_WARN_ENUM_CONVERSION = YES;
				CLANG_WARN_INT_CONVERSION = YES;
				CLANG_WARN_OBJC_ROOT_CLASS = YES_ERROR;
				CLANG_WARN_UNREACHABLE_CODE = YES;
				CLANG_WARN__DUPLICATE_METHOD_MATCH = YES;
				"CODE_SIGN_IDENTITY[sdk=iphoneos*]" = "iPhone Developer";
				COPY_PHASE_STRIP = NO;
				ENABLE_STRICT_OBJC_MSGSEND = YES;
				GCC_C_LANGUAGE_STANDARD = gnu99;
				GCC_DYNAMIC_NO_PIC = NO;
				GCC_OPTIMIZATION_LEVEL = 0;
				GCC_PREPROCESSOR_DEFINITIONS = (
					"DEBUG=1",
					"$(inherited)",
				);
				GCC_SYMBOLS_PRIVATE_EXTERN = NO;
				GCC_WARN_64_TO_32_BIT_CONVERSION = YES;
				GCC_WARN_ABOUT_RETURN_TYPE = YES_ERROR;
				GCC_WARN_UNDECLARED_SELECTOR = YES;
				GCC_WARN_UNINITIALIZED_AUTOS = YES_AGGRESSIVE;
				GCC_WARN_UNUSED_FUNCTION = YES;
				GCC_WARN_UNUSED_VARIABLE = YES;
				IPHONEOS_DEPLOYMENT_TARGET = 8.2;
				MTL_ENABLE_DEBUG_INFO = YES;
				ONLY_ACTIVE_ARCH = YES;
				SDKROOT = iphoneos;
				TARGETED_DEVICE_FAMILY = 2;
			};
			name = Debug;
		};
		66343C321ABF5BB600801962 /* Release */ = {
			isa = XCBuildConfiguration;
			buildSettings = {
				ALWAYS_SEARCH_USER_PATHS = NO;
				CLANG_CXX_LANGUAGE_STANDARD = "gnu++0x";
				CLANG_CXX_LIBRARY = "libc++";
				CLANG_ENABLE_MODULES = YES;
				CLANG_ENABLE_OBJC_ARC = YES;
				CLANG_WARN_BOOL_CONVERSION = YES;
				CLANG_WARN_CONSTANT_CONVERSION = YES;
				CLANG_WARN_DIRECT_OBJC_ISA_USAGE = YES_ERROR;
				CLANG_WARN_EMPTY_BODY = YES;
				CLANG_WARN_ENUM_CONVERSION = YES;
				CLANG_WARN_INT_CONVERSION = YES;
				CLANG_WARN_OBJC_ROOT_CLASS = YES_ERROR;
				CLANG_WARN_UNREACHABLE_CODE = YES;
				CLANG_WARN__DUPLICATE_METHOD_MATCH = YES;
				"CODE_SIGN_IDENTITY[sdk=iphoneos*]" = "iPhone Developer";
				COPY_PHASE_STRIP = NO;
				ENABLE_NS_ASSERTIONS = NO;
				ENABLE_STRICT_OBJC_MSGSEND = YES;
				GCC_C_LANGUAGE_STANDARD = gnu99;
				GCC_WARN_64_TO_32_BIT_CONVERSION = YES;
				GCC_WARN_ABOUT_RETURN_TYPE = YES_ERROR;
				GCC_WARN_UNDECLARED_SELECTOR = YES;
				GCC_WARN_UNINITIALIZED_AUTOS = YES_AGGRESSIVE;
				GCC_WARN_UNUSED_FUNCTION = YES;
				GCC_WARN_UNUSED_VARIABLE = YES;
				IPHONEOS_DEPLOYMENT_TARGET = 8.2;
				MTL_ENABLE_DEBUG_INFO = NO;
				SDKROOT = iphoneos;
				TARGETED_DEVICE_FAMILY = 2;
				VALIDATE_PRODUCT = YES;
			};
			name = Release;
		};
		66343C341ABF5BB600801962 /* Debug */ = {
			isa = XCBuildConfiguration;
			buildSettings = {
				ASSETCATALOG_COMPILER_APPICON_NAME = AppIcon;
				INFOPLIST_FILE = "physics-2D-Verlet/Info.plist";
				IPHONEOS_DEPLOYMENT_TARGET = 8.0;
				LD_RUNPATH_SEARCH_PATHS = "$(inherited) @executable_path/Frameworks";
				PRODUCT_NAME = "$(TARGET_NAME)";
			};
			name = Debug;
		};
		66343C351ABF5BB600801962 /* Release */ = {
			isa = XCBuildConfiguration;
			buildSettings = {
				ASSETCATALOG_COMPILER_APPICON_NAME = AppIcon;
				INFOPLIST_FILE = "physics-2D-Verlet/Info.plist";
				IPHONEOS_DEPLOYMENT_TARGET = 8.0;
				LD_RUNPATH_SEARCH_PATHS = "$(inherited) @executable_path/Frameworks";
				PRODUCT_NAME = "$(TARGET_NAME)";
			};
			name = Release;
		};
		66343C371ABF5BB600801962 /* Debug */ = {
			isa = XCBuildConfiguration;
			buildSettings = {
				BUNDLE_LOADER = "$(TEST_HOST)";
				FRAMEWORK_SEARCH_PATHS = (
					"$(SDKROOT)/Developer/Library/Frameworks",
					"$(inherited)",
				);
				GCC_PREPROCESSOR_DEFINITIONS = (
					"DEBUG=1",
					"$(inherited)",
				);
				INFOPLIST_FILE = "physics-2D-VerletTests/Info.plist";
				LD_RUNPATH_SEARCH_PATHS = "$(inherited) @executable_path/Frameworks @loader_path/Frameworks";
				PRODUCT_NAME = "$(TARGET_NAME)";
				TEST_HOST = "$(BUILT_PRODUCTS_DIR)/physics-2D-Verlet.app/physics-2D-Verlet";
			};
			name = Debug;
		};
		66343C381ABF5BB600801962 /* Release */ = {
			isa = XCBuildConfiguration;
			buildSettings = {
				BUNDLE_LOADER = "$(TEST_HOST)";
				FRAMEWORK_SEARCH_PATHS = (
					"$(SDKROOT)/Developer/Library/Frameworks",
					"$(inherited)",
				);
				INFOPLIST_FILE = "physics-2D-VerletTests/Info.plist";
				LD_RUNPATH_SEARCH_PATHS = "$(inherited) @executable_path/Frameworks @loader_path/Frameworks";
				PRODUCT_NAME = "$(TARGET_NAME)";
				TEST_HOST = "$(BUILT_PRODUCTS_DIR)/physics-2D-Verlet.app/physics-2D-Verlet";
			};
			name = Release;
		};
/* End XCBuildConfiguration section */

/* Begin XCConfigurationList section */
		66343C0B1ABF5BB500801962 /* Build configuration list for PBXProject "physics-2D-Verlet" */ = {
			isa = XCConfigurationList;
			buildConfigurations = (
				66343C311ABF5BB600801962 /* Debug */,
				66343C321ABF5BB600801962 /* Release */,
			);
			defaultConfigurationIsVisible = 0;
			defaultConfigurationName = Release;
		};
		66343C331ABF5BB600801962 /* Build configuration list for PBXNativeTarget "physics-2D-Verlet" */ = {
			isa = XCConfigurationList;
			buildConfigurations = (
				66343C341ABF5BB600801962 /* Debug */,
				66343C351ABF5BB600801962 /* Release */,
			);
			defaultConfigurationIsVisible = 0;
			defaultConfigurationName = Release;
		};
		66343C361ABF5BB600801962 /* Build configuration list for PBXNativeTarget "physics-2D-VerletTests" */ = {
			isa = XCConfigurationList;
			buildConfigurations = (
				66343C371ABF5BB600801962 /* Debug */,
				66343C381ABF5BB600801962 /* Release */,
			);
			defaultConfigurationIsVisible = 0;
			defaultConfigurationName = Release;
		};
/* End XCConfigurationList section */
	};
	rootObject = 66343C081ABF5BB500801962 /* Project object */;
}
